{
    "_readme": [
        "This file locks the dependencies of your project to a known state",
        "Read more about it at https://getcomposer.org/doc/01-basic-usage.md#installing-dependencies",
        "This file is @generated automatically"
    ],
    "content-hash": "6a26702b5207ab8e9af57d7626afb384",
    "packages": [
        {
            "name": "corviz/di-container",
            "version": "v1.0",
            "source": {
                "type": "git",
                "url": "https://github.com/Corviz/di-container.git",
                "reference": "8d6a1fd6dda966c54e0bd0ab7fc1654c576c2468"
            },
            "dist": {
                "type": "zip",
                "url": "https://api.github.com/repos/Corviz/di-container/zipball/8d6a1fd6dda966c54e0bd0ab7fc1654c576c2468",
                "reference": "8d6a1fd6dda966c54e0bd0ab7fc1654c576c2468",
                "shasum": ""
            },
            "require": {
                "php": ">=7.4",
                "psr/container": "^2.0"
            },
            "type": "library",
            "autoload": {
                "psr-4": {
                    "Corviz\\DI\\": "src"
                }
            },
            "notification-url": "https://packagist.org/downloads/",
            "license": [
                "MIT"
            ],
            "description": "A simple yet powerful container with auto wiring",
            "support": {
                "issues": "https://github.com/Corviz/di-container/issues",
                "source": "https://github.com/Corviz/di-container/tree/v1.0"
            },
            "time": "2022-06-28T13:31:43+00:00"
        },
        {
            "name": "psr/container",
            "version": "2.0.2",
            "source": {
                "type": "git",
                "url": "https://github.com/php-fig/container.git",
                "reference": "c71ecc56dfe541dbd90c5360474fbc405f8d5963"
            },
            "dist": {
                "type": "zip",
                "url": "https://api.github.com/repos/php-fig/container/zipball/c71ecc56dfe541dbd90c5360474fbc405f8d5963",
                "reference": "c71ecc56dfe541dbd90c5360474fbc405f8d5963",
                "shasum": ""
            },
            "require": {
                "php": ">=7.4.0"
            },
            "type": "library",
            "extra": {
                "branch-alias": {
                    "dev-master": "2.0.x-dev"
                }
            },
            "autoload": {
                "psr-4": {
                    "Psr\\Container\\": "src/"
                }
            },
            "notification-url": "https://packagist.org/downloads/",
            "license": [
                "MIT"
            ],
            "authors": [
                {
                    "name": "PHP-FIG",
                    "homepage": "https://www.php-fig.org/"
                }
            ],
            "description": "Common Container Interface (PHP FIG PSR-11)",
            "homepage": "https://github.com/php-fig/container",
            "keywords": [
                "PSR-11",
                "container",
                "container-interface",
                "container-interop",
                "psr"
            ],
            "support": {
                "issues": "https://github.com/php-fig/container/issues",
                "source": "https://github.com/php-fig/container/tree/2.0.2"
            },
            "time": "2021-11-05T16:47:00+00:00"
        }
    ],
    "packages-dev": [],
    "aliases": [],
    "minimum-stability": "stable",
    "stability-flags": [],
    "prefer-stable": false,
    "prefer-lowest": false,
    "platform": [],
    "platform-dev": [],
    "plugin-api-version": "2.2.0"
}
